
Microsoft Visual Studio Solution File, Format Version 12.00
# Visual Studio 15
VisualStudioVersion = 15.0.27428.2011
MinimumVisualStudioVersion = 10.0.40219.1
Project("{9A19103F-16F7-4668-BE54-9A1E7A4F7556}") = "OuroVerde.API.Maintenance", "OuroVerde.API.Maintenance\OuroVerde.API.Maintenance.csproj", "{561AAC4A-77C8-4A0C-88CC-306A8F0A76F1}"
EndProject
Project("{E53339B2-1760-4266-BCC7-CA923CBCF16C}") = "docker-compose", "docker-compose.dcproj", "{287F2363-E813-452B-8ADC-17C2E0C9BA22}"
EndProject
Global
	GlobalSection(SolutionConfigurationPlatforms) = preSolution
		Debug|Any CPU = Debug|Any CPU
		Release|Any CPU = Release|Any CPU
	EndGlobalSection
	GlobalSection(ProjectConfigurationPlatforms) = postSolution
		{561AAC4A-77C8-4A0C-88CC-306A8F0A76F1}.Debug|Any CPU.ActiveCfg = Debug|Any CPU
		{561AAC4A-77C8-4A0C-88CC-306A8F0A76F1}.Debug|Any CPU.Build.0 = Debug|Any CPU
		{561AAC4A-77C8-4A0C-88CC-306A8F0A76F1}.Release|Any CPU.ActiveCfg = Release|Any CPU
		{561AAC4A-77C8-4A0C-88CC-306A8F0A76F1}.Release|Any CPU.Build.0 = Release|Any CPU
		{287F2363-E813-452B-8ADC-17C2E0C9BA22}.Debug|Any CPU.ActiveCfg = Debug|Any CPU
		{287F2363-E813-452B-8ADC-17C2E0C9BA22}.Debug|Any CPU.Build.0 = Debug|Any CPU
		{287F2363-E813-452B-8ADC-17C2E0C9BA22}.Release|Any CPU.ActiveCfg = Release|Any CPU
		{287F2363-E813-452B-8ADC-17C2E0C9BA22}.Release|Any CPU.Build.0 = Release|Any CPU
	EndGlobalSection
	GlobalSection(SolutionProperties) = preSolution
		HideSolutionNode = FALSE
	EndGlobalSection
	GlobalSection(ExtensibilityGlobals) = postSolution
		SolutionGuid = {CDAE5831-F70B-4E08-88E5-76C9ED478435}
	EndGlobalSection
EndGlobal
